speakeasyVersion: 1.552.0
sources:
    S2 API:
        sourceNamespace: s-2-api
        sourceRevisionDigest: sha256:625cb037fe454f9418c7b82f21cc12fd0333525e36a23fc252b5ec9c3bd71f32
        sourceBlobDigest: sha256:3da0a9ec0c45b0f8ad8f97497dc31f36d0dbf12404724dd25665cb24853f1258
        tags:
            - latest
            - speakeasy-sdk-regen-1746836451
            - 1.0.0
targets:
    streamstore:
        source: S2 API
        sourceNamespace: s-2-api
        sourceRevisionDigest: sha256:625cb037fe454f9418c7b82f21cc12fd0333525e36a23fc252b5ec9c3bd71f32
        sourceBlobDigest: sha256:3da0a9ec0c45b0f8ad8f97497dc31f36d0dbf12404724dd25665cb24853f1258
        codeSamplesNamespace: s-2-api-typescript-code-samples
        codeSamplesRevisionDigest: sha256:598d903d5c2ed6eb41cff27957f04226fea5cdfc5e7903e3373c83cf010af2ed
workflow:
    workflowVersion: 1.0.0
    speakeasyVersion: latest
    sources:
        S2 API:
            inputs:
                - location: https://raw.githubusercontent.com/s2-streamstore/s2-protos/refs/heads/main/s2/v1/openapi.json
            overlays:
                - location: overlay.yaml
                - location: overlay.yaml
                - location: overlay.yaml
            registry:
                location: registry.speakeasyapi.dev/stream-store/s2/s-2-api
    targets:
        streamstore:
            target: typescript
            source: S2 API
            publish:
                npm:
                    token: $npm_token
            codeSamples:
                registry:
                    location: registry.speakeasyapi.dev/stream-store/s2/s-2-api-typescript-code-samples
                labelOverride:
                    fixedValue: Typescript (SDK)
                blocking: false
