speakeasyVersion: 1.568.0
sources:
    S2 API:
        sourceNamespace: s-2-api
        sourceRevisionDigest: sha256:50c4599dcde0386e97ae84c81a5648b5e83d63d3f8c35f6db21757e0054aa86e
        sourceBlobDigest: sha256:1e6cba955e1229b5563113e5a8c6a1ad47d0393d8c6c95b2f9c5342b31ddf506
        tags:
            - latest
            - speakeasy-sdk-regen-1748564557
            - 1.0.0
targets:
    streamstore:
        source: S2 API
        sourceNamespace: s-2-api
        sourceRevisionDigest: sha256:50c4599dcde0386e97ae84c81a5648b5e83d63d3f8c35f6db21757e0054aa86e
        sourceBlobDigest: sha256:1e6cba955e1229b5563113e5a8c6a1ad47d0393d8c6c95b2f9c5342b31ddf506
        codeSamplesNamespace: s-2-api-typescript-code-samples
        codeSamplesRevisionDigest: sha256:f9d44fcf2628fc78a7881ccf6dae7c273b984b9209e5bee6928c1da98c18d6f7
workflow:
    workflowVersion: 1.0.0
    speakeasyVersion: latest
    sources:
        S2 API:
            inputs:
                - location: https://raw.githubusercontent.com/s2-streamstore/s2-protos/refs/heads/main/s2/v1/openapi.json
            overlays:
                - location: overlay.yaml
                - location: overlay.yaml
                - location: overlay.yaml
            registry:
                location: registry.speakeasyapi.dev/stream-store/s2/s-2-api
    targets:
        streamstore:
            target: typescript
            source: S2 API
            publish:
                npm:
                    token: $npm_token
            codeSamples:
                registry:
                    location: registry.speakeasyapi.dev/stream-store/s2/s-2-api-typescript-code-samples
                labelOverride:
                    fixedValue: Typescript (SDK)
                blocking: false
